
Microsoft Visual Studio Solution File, Format Version 12.00
# Visual Studio Version 16
VisualStudioVersion = 16.0.29911.84
MinimumVisualStudioVersion = 10.0.40219.1
Project("{FAE04EC0-301F-11D3-BF4B-00C04F79EFBC}") = "Lab_0_Var29", "Lab_0_Var29\Lab_0_Var29.csproj", "{84729C0A-81CE-4629-BB25-12B85EBE31D5}"
EndProject
Global
	GlobalSection(SolutionConfigurationPlatforms) = preSolution
		Debug|Any CPU = Debug|Any CPU
		Release|Any CPU = Release|Any CPU
	EndGlobalSection
	GlobalSection(ProjectConfigurationPlatforms) = postSolution
		{84729C0A-81CE-4629-BB25-12B85EBE31D5}.Debug|Any CPU.ActiveCfg = Debug|Any CPU
		{84729C0A-81CE-4629-BB25-12B85EBE31D5}.Debug|Any CPU.Build.0 = Debug|Any CPU
		{84729C0A-81CE-4629-BB25-12B85EBE31D5}.Release|Any CPU.ActiveCfg = Release|Any CPU
		{84729C0A-81CE-4629-BB25-12B85EBE31D5}.Release|Any CPU.Build.0 = Release|Any CPU
	EndGlobalSection
	GlobalSection(SolutionProperties) = preSolution
		HideSolutionNode = FALSE
	EndGlobalSection
	GlobalSection(ExtensibilityGlobals) = postSolution
		SolutionGuid = {5788C778-FB8C-49C0-98FA-152EA881CFEA}
	EndGlobalSection
EndGlobal
